# THIS IS AN AUTOGENERATED FILE. DO NOT EDIT THIS FILE DIRECTLY.
# yarn lockfile v1


minireset.css@^0.0.7:
  version "0.0.7"
  resolved "https://registry.yarnpkg.com/minireset.css/-/minireset.css-0.0.7.tgz#7f0750051b14628a4e4df2227547fc9a13a7ea12"
  integrity sha512-raWKK2aHP/MI4Yu72dU6hade1YFuoyDQtSUi/FiIZfeRHjgL81uN/nFvG2aoAr+mseRc3jpg47jQqx1/+6w+kQ==
